
Microsoft Visual Studio Solution File, Format Version 12.00
# Visual Studio Version 16
VisualStudioVersion = 16.0.30907.101
MinimumVisualStudioVersion = 10.0.40219.1
Project("{FAE04EC0-301F-11D3-BF4B-00C04F79EFBC}") = "Havadurumuapi", "Havadurumuapi\Havadurumuapi.csproj", "{78EAE017-1B8F-498C-BB6D-A4F5978587A4}"
EndProject
Global
	GlobalSection(SolutionConfigurationPlatforms) = preSolution
		Debug|Any CPU = Debug|Any CPU
		Release|Any CPU = Release|Any CPU
	EndGlobalSection
	GlobalSection(ProjectConfigurationPlatforms) = postSolution
		{78EAE017-1B8F-498C-BB6D-A4F5978587A4}.Debug|Any CPU.ActiveCfg = Debug|Any CPU
		{78EAE017-1B8F-498C-BB6D-A4F5978587A4}.Debug|Any CPU.Build.0 = Debug|Any CPU
		{78EAE017-1B8F-498C-BB6D-A4F5978587A4}.Release|Any CPU.ActiveCfg = Release|Any CPU
		{78EAE017-1B8F-498C-BB6D-A4F5978587A4}.Release|Any CPU.Build.0 = Release|Any CPU
	EndGlobalSection
	GlobalSection(SolutionProperties) = preSolution
		HideSolutionNode = FALSE
	EndGlobalSection
	GlobalSection(ExtensibilityGlobals) = postSolution
		SolutionGuid = {60D6C4DE-D094-4D61-AB7D-983D19D70707}
	EndGlobalSection
EndGlobal
